
Microsoft Visual Studio Solution File, Format Version 12.00
# Visual Studio Version 17
VisualStudioVersion = 17.0.32014.148
MinimumVisualStudioVersion = 10.0.40219.1
Project("{9A19103F-16F7-4668-BE54-9A1E7A4F7556}") = "course", "course.csproj", "{73A6D3DE-00E3-4B58-881A-1DF097EDD5CE}"
EndProject
Project("{FAE04EC0-301F-11D3-BF4B-00C04F79EFBC}") = "course2", "..\course2\course2.csproj", "{D3849734-702D-48A9-97E9-8CE379DE081C}"
EndProject
Global
	GlobalSection(SolutionConfigurationPlatforms) = preSolution
		Debug|Any CPU = Debug|Any CPU
		Release|Any CPU = Release|Any CPU
	EndGlobalSection
	GlobalSection(ProjectConfigurationPlatforms) = postSolution
		{73A6D3DE-00E3-4B58-881A-1DF097EDD5CE}.Debug|Any CPU.ActiveCfg = Debug|Any CPU
		{73A6D3DE-00E3-4B58-881A-1DF097EDD5CE}.Debug|Any CPU.Build.0 = Debug|Any CPU
		{73A6D3DE-00E3-4B58-881A-1DF097EDD5CE}.Release|Any CPU.ActiveCfg = Release|Any CPU
		{73A6D3DE-00E3-4B58-881A-1DF097EDD5CE}.Release|Any CPU.Build.0 = Release|Any CPU
		{D3849734-702D-48A9-97E9-8CE379DE081C}.Debug|Any CPU.ActiveCfg = Debug|Any CPU
		{D3849734-702D-48A9-97E9-8CE379DE081C}.Debug|Any CPU.Build.0 = Debug|Any CPU
		{D3849734-702D-48A9-97E9-8CE379DE081C}.Release|Any CPU.ActiveCfg = Release|Any CPU
		{D3849734-702D-48A9-97E9-8CE379DE081C}.Release|Any CPU.Build.0 = Release|Any CPU
	EndGlobalSection
	GlobalSection(SolutionProperties) = preSolution
		HideSolutionNode = FALSE
	EndGlobalSection
	GlobalSection(ExtensibilityGlobals) = postSolution
		SolutionGuid = {CAC4ED45-5047-41DA-A7BD-1B70A4FAD5F3}
	EndGlobalSection
EndGlobal
